
Microsoft Visual Studio Solution File, Format Version 12.00
# Visual Studio Version 16
VisualStudioVersion = 16.0.32929.386
MinimumVisualStudioVersion = 10.0.40219.1
Project("{FAE04EC0-301F-11D3-BF4B-00C04F79EFBC}") = "Phoenix Oscar Romeo", "Phoenix Oscar Romeo\Phoenix Oscar Romeo.csproj", "{75091A0B-441A-4399-9A46-83D86CBA45FB}"
EndProject
Global
	GlobalSection(SolutionConfigurationPlatforms) = preSolution
		Debug|Any CPU = Debug|Any CPU
		Release|Any CPU = Release|Any CPU
	EndGlobalSection
	GlobalSection(ProjectConfigurationPlatforms) = postSolution
		{75091A0B-441A-4399-9A46-83D86CBA45FB}.Debug|Any CPU.ActiveCfg = Debug|Any CPU
		{75091A0B-441A-4399-9A46-83D86CBA45FB}.Debug|Any CPU.Build.0 = Debug|Any CPU
		{75091A0B-441A-4399-9A46-83D86CBA45FB}.Release|Any CPU.ActiveCfg = Release|Any CPU
		{75091A0B-441A-4399-9A46-83D86CBA45FB}.Release|Any CPU.Build.0 = Release|Any CPU
	EndGlobalSection
	GlobalSection(SolutionProperties) = preSolution
		HideSolutionNode = FALSE
	EndGlobalSection
	GlobalSection(ExtensibilityGlobals) = postSolution
		SolutionGuid = {EBCF7C2B-6468-4849-8111-05DF8678F154}
	EndGlobalSection
EndGlobal
